
Microsoft Visual Studio Solution File, Format Version 12.00
# Visual Studio Version 16
VisualStudioVersion = 16.0.31005.135
MinimumVisualStudioVersion = 10.0.40219.1
Project("{FAE04EC0-301F-11D3-BF4B-00C04F79EFBC}") = "cycle", "cycle.csproj", "{ED2EACE3-8EEA-42BD-8DDB-FB2C829F9CEE}"
EndProject
Global
	GlobalSection(SolutionConfigurationPlatforms) = preSolution
		Debug|Any CPU = Debug|Any CPU
		Release|Any CPU = Release|Any CPU
	EndGlobalSection
	GlobalSection(ProjectConfigurationPlatforms) = postSolution
		{ED2EACE3-8EEA-42BD-8DDB-FB2C829F9CEE}.Debug|Any CPU.ActiveCfg = Debug|Any CPU
		{ED2EACE3-8EEA-42BD-8DDB-FB2C829F9CEE}.Debug|Any CPU.Build.0 = Debug|Any CPU
		{ED2EACE3-8EEA-42BD-8DDB-FB2C829F9CEE}.Release|Any CPU.ActiveCfg = Release|Any CPU
		{ED2EACE3-8EEA-42BD-8DDB-FB2C829F9CEE}.Release|Any CPU.Build.0 = Release|Any CPU
	EndGlobalSection
	GlobalSection(SolutionProperties) = preSolution
		HideSolutionNode = FALSE
	EndGlobalSection
	GlobalSection(ExtensibilityGlobals) = postSolution
		SolutionGuid = {C496DF05-AB24-4BCC-9DEB-24E948F2F0E0}
	EndGlobalSection
EndGlobal
